schema: '2.0'
stages:
  data_ingestion:
    cmd: python src/data_ingestion.py
    deps:
    - path: src/data_ingestion.py
      hash: md5
      md5: e12233dc6e886c170bfa13a841c5578d
      size: 3550
    params:
      params.yaml:
        data_ingestion.test_size: 0.15
    outs:
    - path: data/raw
      hash: md5
      md5: a15ba66afdf82f8659b031b175286ed3.dir
      size: 484846
      nfiles: 2
  data_preprocessing:
    cmd: python src/data_preprocessing.py
    deps:
    - path: data/raw
      hash: md5
      md5: a15ba66afdf82f8659b031b175286ed3.dir
      size: 484846
      nfiles: 2
    - path: src/data_preprocessing.py
      hash: md5
      md5: 610d9748a8bc49fcdca81d8449820ab5
      size: 3865
    outs:
    - path: data/interim
      hash: md5
      md5: 60a6fff4e80508df65a68e383fa2725e.dir
      size: 259164
      nfiles: 2
  feature_engineering:
    cmd: python src/feature_engineering.py
    deps:
    - path: data/interim
      hash: md5
      md5: 60a6fff4e80508df65a68e383fa2725e.dir
      size: 259164
      nfiles: 2
    - path: src/feature_engineering.py
      hash: md5
      md5: ce1889389f165bfd8d9f815336443d80
      size: 3799
    params:
      params.yaml:
        feature_engineering.max_features: 45
    outs:
    - path: data/processed
      hash: md5
      md5: 559a406bd55d72aa3370a7e2ed550a87.dir
      size: 1062472
      nfiles: 2
  model_building:
    cmd: python src/model_building.py
    deps:
    - path: data/processed
      hash: md5
      md5: 559a406bd55d72aa3370a7e2ed550a87.dir
      size: 1062472
      nfiles: 2
    - path: src/model_building.py
      hash: md5
      md5: 6bf4f23b3f002b17f8ac5e2fca89ac09
      size: 4347
    params:
      params.yaml:
        model_building.n_estimators: 20
        model_building.random_state: 2
    outs:
    - path: models/model.pkl
      hash: md5
      md5: 5c7132bd74af577e1315f6195a8826fd
      size: 812342
  model_evaluation:
    cmd: python src/model_evaluation.py
    deps:
    - path: models/model.pkl
      hash: md5
      md5: 5c7132bd74af577e1315f6195a8826fd
      size: 812342
    - path: src/model_evaluation.py
      hash: md5
      md5: 65dcc0d3217e9c5e6d5a07d00fbf2360
      size: 4518
    outs:
    - path: reports/metrics.json
      hash: md5
      md5: d10dcb36532bf535d2feeaefd48faeed
      size: 130
